
Microsoft Visual Studio Solution File, Format Version 12.00
# Visual Studio Version 17
VisualStudioVersion = 17.13.35931.197
MinimumVisualStudioVersion = 10.0.40219.1
Project("{FAE04EC0-301F-11D3-BF4B-00C04F79EFBC}") = "Academia do Zé", "Academia do Zé\Academia do Zé.csproj", "{A6A63B5B-4D86-4E50-8655-1FC0A75587B9}"
EndProject
Project("{FAE04EC0-301F-11D3-BF4B-00C04F79EFBC}") = "AcademiaDoZe.Domain.Tests", "AcademiaDoZe.Domain.Tests\AcademiaDoZe.Domain.Tests.csproj", "{090D09F5-0D4D-4084-A44F-CE8D31DEC907}"
EndProject
Project("{FAE04EC0-301F-11D3-BF4B-00C04F79EFBC}") = "AcademiaDoZe.infrastructure", "AcademiaDoZe.infrastructure\AcademiaDoZe.infrastructure.csproj", "{15B000E9-EDF3-412D-BDB8-9179F74DF542}"
EndProject
Project("{FAE04EC0-301F-11D3-BF4B-00C04F79EFBC}") = "AcademiaDoZe.Infrastructure.Tests", "AcademiaDoZe.Infrastructure.Tests\AcademiaDoZe.Infrastructure.Tests.csproj", "{945346BC-C72C-439C-B838-CBFC54D68CBD}"
EndProject
Global
	GlobalSection(SolutionConfigurationPlatforms) = preSolution
		Debug|Any CPU = Debug|Any CPU
		Release|Any CPU = Release|Any CPU
	EndGlobalSection
	GlobalSection(ProjectConfigurationPlatforms) = postSolution
		{A6A63B5B-4D86-4E50-8655-1FC0A75587B9}.Debug|Any CPU.ActiveCfg = Debug|Any CPU
		{A6A63B5B-4D86-4E50-8655-1FC0A75587B9}.Debug|Any CPU.Build.0 = Debug|Any CPU
		{A6A63B5B-4D86-4E50-8655-1FC0A75587B9}.Release|Any CPU.ActiveCfg = Release|Any CPU
		{A6A63B5B-4D86-4E50-8655-1FC0A75587B9}.Release|Any CPU.Build.0 = Release|Any CPU
		{090D09F5-0D4D-4084-A44F-CE8D31DEC907}.Debug|Any CPU.ActiveCfg = Debug|Any CPU
		{090D09F5-0D4D-4084-A44F-CE8D31DEC907}.Debug|Any CPU.Build.0 = Debug|Any CPU
		{090D09F5-0D4D-4084-A44F-CE8D31DEC907}.Release|Any CPU.ActiveCfg = Release|Any CPU
		{090D09F5-0D4D-4084-A44F-CE8D31DEC907}.Release|Any CPU.Build.0 = Release|Any CPU
		{15B000E9-EDF3-412D-BDB8-9179F74DF542}.Debug|Any CPU.ActiveCfg = Debug|Any CPU
		{15B000E9-EDF3-412D-BDB8-9179F74DF542}.Debug|Any CPU.Build.0 = Debug|Any CPU
		{15B000E9-EDF3-412D-BDB8-9179F74DF542}.Release|Any CPU.ActiveCfg = Release|Any CPU
		{15B000E9-EDF3-412D-BDB8-9179F74DF542}.Release|Any CPU.Build.0 = Release|Any CPU
		{945346BC-C72C-439C-B838-CBFC54D68CBD}.Debug|Any CPU.ActiveCfg = Debug|Any CPU
		{945346BC-C72C-439C-B838-CBFC54D68CBD}.Debug|Any CPU.Build.0 = Debug|Any CPU
		{945346BC-C72C-439C-B838-CBFC54D68CBD}.Release|Any CPU.ActiveCfg = Release|Any CPU
		{945346BC-C72C-439C-B838-CBFC54D68CBD}.Release|Any CPU.Build.0 = Release|Any CPU
	EndGlobalSection
	GlobalSection(SolutionProperties) = preSolution
		HideSolutionNode = FALSE
	EndGlobalSection
	GlobalSection(ExtensibilityGlobals) = postSolution
		SolutionGuid = {7CC58B57-6DCC-48AC-A48D-563BD0609EBF}
	EndGlobalSection
EndGlobal
